{
  "nodes": {
    "dotfiles-manager": {
      "inputs": {
        "home-manager": "home-manager",
        "nixpkgs": [
          "nixpkgs"
        ]
      },
      "locked": {
        "lastModified": 1631566446,
        "narHash": "sha256-2KAy/O0wFRDQM/aJM9lc18pYPbU3czc7I3rxytD/tjc=",
        "owner": "winston0410",
        "repo": "dotfiles-manager",
        "rev": "12652b4a421bdf2a01afe6245c12163d44a50adf",
        "type": "github"
      },
      "original": {
        "owner": "winston0410",
        "ref": "master",
        "repo": "dotfiles-manager",
        "type": "github"
      }
    },
    "home-manager": {
      "inputs": {
        "nixpkgs": [
          "nixpkgs"
        ]
      },
      "locked": {
        "lastModified": 1631485157,
        "narHash": "sha256-U2qv2tjrWpTWe1KPUPXEcByOdnTBlJWX/Bhk7Ax5mgA=",
        "owner": "nix-community",
        "repo": "home-manager",
        "rev": "208e310e9409d0d54ae5e19cb52f8d0f3c7f4771",
        "type": "github"
      },
      "original": {
        "owner": "nix-community",
        "repo": "home-manager",
        "type": "github"
      }
    },
    "home-manager_2": {
      "inputs": {
        "nixpkgs": [
          "nixpkgs"
        ]
      },
      "locked": {
        "lastModified": 1631485157,
        "narHash": "sha256-U2qv2tjrWpTWe1KPUPXEcByOdnTBlJWX/Bhk7Ax5mgA=",
        "owner": "nix-community",
        "repo": "home-manager",
        "rev": "208e310e9409d0d54ae5e19cb52f8d0f3c7f4771",
        "type": "github"
      },
      "original": {
        "owner": "nix-community",
        "repo": "home-manager",
        "type": "github"
      }
    },
    "nixpkgs": {
      "locked": {
        "lastModified": 1631470189,
        "narHash": "sha256-hkUPYlpNOY9nbG1ByRin9NzPAYnPtwq/nGxO/DoeZd0=",
        "owner": "nixos",
        "repo": "nixpkgs",
        "rev": "364b5555ee04bf61ee0075a3adab4c9351a8d38c",
        "type": "github"
      },
      "original": {
        "owner": "nixos",
        "ref": "nixos-unstable",
        "repo": "nixpkgs",
        "type": "github"
      }
    },
    "root": {
      "inputs": {
        "dotfiles-manager": "dotfiles-manager",
        "home-manager": "home-manager_2",
        "nixpkgs": "nixpkgs"
      }
    }
  },
  "root": "root",
  "version": 7
}
