{
  "nodes": {
    "dotfiles-manager": {
      "inputs": {
        "home-manager": "home-manager",
        "nixpkgs": [
          "nixpkgs"
        ]
      },
      "locked": {
        "lastModified": 1631701451,
        "narHash": "sha256-GzjiafAiOMwZXJRV9Swurb4D4HdBvoXpCYsOTKrkizM=",
        "owner": "winston0410",
        "repo": "dotfiles-manager",
        "rev": "9f26879155a0bbe0781643c47c39d7f10516a87a",
        "type": "github"
      },
      "original": {
        "owner": "winston0410",
        "ref": "master",
        "repo": "dotfiles-manager",
        "type": "github"
      }
    },
    "home-manager": {
      "inputs": {
        "nixpkgs": [
          "dotfiles-manager",
          "nixpkgs"
        ]
      },
      "locked": {
        "lastModified": 1631485157,
        "narHash": "sha256-U2qv2tjrWpTWe1KPUPXEcByOdnTBlJWX/Bhk7Ax5mgA=",
        "owner": "nix-community",
        "repo": "home-manager",
        "rev": "208e310e9409d0d54ae5e19cb52f8d0f3c7f4771",
        "type": "github"
      },
      "original": {
        "owner": "nix-community",
        "repo": "home-manager",
        "type": "github"
      }
    },
    "home-manager_2": {
      "inputs": {
        "nixpkgs": [
          "nixpkgs"
        ]
      },
      "locked": {
        "lastModified": 1631658300,
        "narHash": "sha256-LsKiOWHtfOgatuIOSfuznj1vKfz7TYSzYPx3RzU9Ibo=",
        "owner": "nix-community",
        "repo": "home-manager",
        "rev": "562449b50354ac224adc4265803cba40b931ae7b",
        "type": "github"
      },
      "original": {
        "owner": "nix-community",
        "repo": "home-manager",
        "type": "github"
      }
    },
    "nixpkgs": {
      "locked": {
        "lastModified": 1631663639,
        "narHash": "sha256-5oMEq+P2krgBbqogWx1k1JrsTCG0pUVYS9DvDzNNV3o=",
        "owner": "nixos",
        "repo": "nixpkgs",
        "rev": "bcd607489d76795508c48261e1ad05f5d4b7672f",
        "type": "github"
      },
      "original": {
        "owner": "nixos",
        "ref": "nixos-unstable",
        "repo": "nixpkgs",
        "type": "github"
      }
    },
    "root": {
      "inputs": {
        "dotfiles-manager": "dotfiles-manager",
        "home-manager": "home-manager_2",
        "nixpkgs": "nixpkgs"
      }
    }
  },
  "root": "root",
  "version": 7
}
