{
  "nodes": {
    "dotfiles-manager": {
      "inputs": {
        "home-manager": [
          "home-manager"
        ],
        "nixpkgs": [
          "nixpkgs"
        ]
      },
      "locked": {
        "lastModified": 1631828085,
        "narHash": "sha256-cwjA2xCYsKAkELi9hiyej9JIEuaj7jFVUySgDZwGJlc=",
        "owner": "winston0410",
        "repo": "dotfiles-manager",
        "rev": "e6e8ebd13efad33a0f5bbb09fddffc2b8630cb0d",
        "type": "github"
      },
      "original": {
        "owner": "winston0410",
        "ref": "master",
        "repo": "dotfiles-manager",
        "type": "github"
      }
    },
    "home-manager": {
      "inputs": {
        "nixpkgs": [
          "nixpkgs"
        ]
      },
      "locked": {
        "lastModified": 1631740142,
        "narHash": "sha256-FnwtaJ+fZw2QzsCqGJW4kJd9hXiPxPgfi+9dwratk28=",
        "owner": "nix-community",
        "repo": "home-manager",
        "rev": "371576cdc2580ba93a38e28da8ece2129f558815",
        "type": "github"
      },
      "original": {
        "owner": "nix-community",
        "repo": "home-manager",
        "type": "github"
      }
    },
    "nixpkgs": {
      "locked": {
        "lastModified": 1631696613,
        "narHash": "sha256-6DomCcyMMRG+ShtDstRgCjC1m5J0JzjEMnUaiLnl9TY=",
        "owner": "nixos",
        "repo": "nixpkgs",
        "rev": "47eaf6727bd362dac94eab91b7fdc876642d578b",
        "type": "github"
      },
      "original": {
        "owner": "nixos",
        "ref": "nixos-unstable",
        "repo": "nixpkgs",
        "type": "github"
      }
    },
    "root": {
      "inputs": {
        "dotfiles-manager": "dotfiles-manager",
        "home-manager": "home-manager",
        "nixpkgs": "nixpkgs"
      }
    }
  },
  "root": "root",
  "version": 7
}
